
Microsoft Visual Studio Solution File, Format Version 12.00
# Visual Studio Version 17
VisualStudioVersion = 17.2.32616.157
MinimumVisualStudioVersion = 10.0.40219.1
Project("{FAE04EC0-301F-11D3-BF4B-00C04F79EFBC}") = "StudentTask", "StudentTask.csproj", "{9B08D7B8-E11E-47C7-ADBF-7177572C2CBD}"
EndProject
Global
	GlobalSection(SolutionConfigurationPlatforms) = preSolution
		Debug|Any CPU = Debug|Any CPU
		Release|Any CPU = Release|Any CPU
	EndGlobalSection
	GlobalSection(ProjectConfigurationPlatforms) = postSolution
		{9B08D7B8-E11E-47C7-ADBF-7177572C2CBD}.Debug|Any CPU.ActiveCfg = Debug|Any CPU
		{9B08D7B8-E11E-47C7-ADBF-7177572C2CBD}.Debug|Any CPU.Build.0 = Debug|Any CPU
		{9B08D7B8-E11E-47C7-ADBF-7177572C2CBD}.Release|Any CPU.ActiveCfg = Release|Any CPU
		{9B08D7B8-E11E-47C7-ADBF-7177572C2CBD}.Release|Any CPU.Build.0 = Release|Any CPU
	EndGlobalSection
	GlobalSection(SolutionProperties) = preSolution
		HideSolutionNode = FALSE
	EndGlobalSection
	GlobalSection(ExtensibilityGlobals) = postSolution
		SolutionGuid = {8D9FD6E6-3FB3-4C1D-A790-15616711F84F}
	EndGlobalSection
EndGlobal
